
Microsoft Visual Studio Solution File, Format Version 12.00
# Visual Studio Version 16
VisualStudioVersion = 16.0.31005.135
MinimumVisualStudioVersion = 10.0.40219.1
Project("{9A19103F-16F7-4668-BE54-9A1E7A4F7556}") = "Prompt-Git-Info", "Prompt-Git-Info.csproj", "{3989FA7B-D89D-44F1-815F-D029793C8A78}"
EndProject
Project("{2150E333-8FDC-42A3-9474-1A3956D46DE8}") = "Solution Items", "Solution Items", "{39B48304-B722-46E8-88F5-391292EC3EC2}"
	ProjectSection(SolutionItems) = preProject
		.editorconfig = .editorconfig
	EndProjectSection
EndProject
Global
	GlobalSection(SolutionConfigurationPlatforms) = preSolution
		Debug|Any CPU = Debug|Any CPU
		Release|Any CPU = Release|Any CPU
	EndGlobalSection
	GlobalSection(ProjectConfigurationPlatforms) = postSolution
		{3989FA7B-D89D-44F1-815F-D029793C8A78}.Debug|Any CPU.ActiveCfg = Debug|Any CPU
		{3989FA7B-D89D-44F1-815F-D029793C8A78}.Debug|Any CPU.Build.0 = Debug|Any CPU
		{3989FA7B-D89D-44F1-815F-D029793C8A78}.Release|Any CPU.ActiveCfg = Release|Any CPU
		{3989FA7B-D89D-44F1-815F-D029793C8A78}.Release|Any CPU.Build.0 = Release|Any CPU
	EndGlobalSection
	GlobalSection(SolutionProperties) = preSolution
		HideSolutionNode = FALSE
	EndGlobalSection
	GlobalSection(ExtensibilityGlobals) = postSolution
		SolutionGuid = {C5DD6B4D-74E3-4DEB-B7D3-38E0B039BAEE}
	EndGlobalSection
EndGlobal
